{
  "name": "frontend",
  "lockfileVersion": 2,
  "requires": true,
  "packages": {
    "": {
      "dependencies": {
        "@types/googlemaps": "^3.43.3",
        "google-maps-ng2": "^1.0.10"
      }
    },
    "node_modules/@types/googlemaps": {
      "version": "3.43.3",
      "resolved": "https://registry.npmjs.org/@types/googlemaps/-/googlemaps-3.43.3.tgz",
      "integrity": "sha512-ZWNoz/O8MPEpiajvj7QiqCY8tTLFNqNZ/a+s+zTV58wFVNAvvqV4bdGfnsjTb5Cs4V6wEsLrX8XRhmnyYJ2Tdg=="
    },
    "node_modules/google-maps-ng2": {
      "version": "1.0.10",
      "resolved": "https://registry.npmjs.org/google-maps-ng2/-/google-maps-ng2-1.0.10.tgz",
      "integrity": "sha1-T/GQ9z7ngHNlaa0jNbXOZdQdp1I=",
      "engines": {
        "node": ">=8.0.0"
      }
    }
  },
  "dependencies": {
    "@types/googlemaps": {
      "version": "3.43.3",
      "resolved": "https://registry.npmjs.org/@types/googlemaps/-/googlemaps-3.43.3.tgz",
      "integrity": "sha512-ZWNoz/O8MPEpiajvj7QiqCY8tTLFNqNZ/a+s+zTV58wFVNAvvqV4bdGfnsjTb5Cs4V6wEsLrX8XRhmnyYJ2Tdg=="
    },
    "google-maps-ng2": {
      "version": "1.0.10",
      "resolved": "https://registry.npmjs.org/google-maps-ng2/-/google-maps-ng2-1.0.10.tgz",
      "integrity": "sha1-T/GQ9z7ngHNlaa0jNbXOZdQdp1I="
    }
  }
}
